
Microsoft Visual Studio Solution File, Format Version 12.00
# Visual Studio Version 17
VisualStudioVersion = 17.0.31903.59
MinimumVisualStudioVersion = 10.0.40219.1
Project("{FAE04EC0-301F-11D3-BF4B-00C04F79EFBC}") = "KyhCodingSession", "KyhCodingSession\KyhCodingSession.csproj", "{32A46AC4-E628-4B8B-9ACB-9B4561C6F1C6}"
EndProject
Global
	GlobalSection(SolutionConfigurationPlatforms) = preSolution
		Debug|Any CPU = Debug|Any CPU
		Release|Any CPU = Release|Any CPU
	EndGlobalSection
	GlobalSection(ProjectConfigurationPlatforms) = postSolution
		{32A46AC4-E628-4B8B-9ACB-9B4561C6F1C6}.Debug|Any CPU.ActiveCfg = Debug|Any CPU
		{32A46AC4-E628-4B8B-9ACB-9B4561C6F1C6}.Debug|Any CPU.Build.0 = Debug|Any CPU
		{32A46AC4-E628-4B8B-9ACB-9B4561C6F1C6}.Release|Any CPU.ActiveCfg = Release|Any CPU
		{32A46AC4-E628-4B8B-9ACB-9B4561C6F1C6}.Release|Any CPU.Build.0 = Release|Any CPU
	EndGlobalSection
	GlobalSection(SolutionProperties) = preSolution
		HideSolutionNode = FALSE
	EndGlobalSection
	GlobalSection(ExtensibilityGlobals) = postSolution
		SolutionGuid = {2470E1C9-2B55-497E-931A-E341CF872E6D}
	EndGlobalSection
EndGlobal
